
Microsoft Visual Studio Solution File, Format Version 12.00
# Visual Studio Version 16
VisualStudioVersion = 16.0.30611.23
MinimumVisualStudioVersion = 10.0.40219.1
Project("{8BC9CEB8-8B4A-11D0-8D11-00A0C91BC942}") = "GBHRC", "GBHRC\GBHRC.vcxproj", "{95B8B76B-21C8-49DF-A94A-957C10245EEE}"
EndProject
Project("{8BC9CEB8-8B4A-11D0-8D11-00A0C91BC942}") = "GBHRC_API", "GBHRC_API\GBHRC_API.vcxproj", "{116FA4DB-7E87-41D0-858F-45917E946269}"
EndProject
Project("{2150E333-8FDC-42A3-9474-1A3956D46DE8}") = "libs", "libs", "{04E1D03F-D759-4F7C-9191-54BAD4881280}"
EndProject
Project("{8BC9CEB8-8B4A-11D0-8D11-00A0C91BC942}") = "GBHApplication", "GBHApplication\GBHApplication.vcxproj", "{EAE821D0-6904-4197-872D-DA7E6F320497}"
EndProject
Global
	GlobalSection(SolutionConfigurationPlatforms) = preSolution
		Debug|x64 = Debug|x64
		Debug|x86 = Debug|x86
		Release|x64 = Release|x64
		Release|x86 = Release|x86
	EndGlobalSection
	GlobalSection(ProjectConfigurationPlatforms) = postSolution
		{95B8B76B-21C8-49DF-A94A-957C10245EEE}.Debug|x64.ActiveCfg = Debug|x64
		{95B8B76B-21C8-49DF-A94A-957C10245EEE}.Debug|x64.Build.0 = Debug|x64
		{95B8B76B-21C8-49DF-A94A-957C10245EEE}.Debug|x86.ActiveCfg = Debug|Win32
		{95B8B76B-21C8-49DF-A94A-957C10245EEE}.Debug|x86.Build.0 = Debug|Win32
		{95B8B76B-21C8-49DF-A94A-957C10245EEE}.Release|x64.ActiveCfg = Release|x64
		{95B8B76B-21C8-49DF-A94A-957C10245EEE}.Release|x64.Build.0 = Release|x64
		{95B8B76B-21C8-49DF-A94A-957C10245EEE}.Release|x86.ActiveCfg = Release|Win32
		{95B8B76B-21C8-49DF-A94A-957C10245EEE}.Release|x86.Build.0 = Release|Win32
		{116FA4DB-7E87-41D0-858F-45917E946269}.Debug|x64.ActiveCfg = Debug|x64
		{116FA4DB-7E87-41D0-858F-45917E946269}.Debug|x64.Build.0 = Debug|x64
		{116FA4DB-7E87-41D0-858F-45917E946269}.Debug|x86.ActiveCfg = Debug|Win32
		{116FA4DB-7E87-41D0-858F-45917E946269}.Debug|x86.Build.0 = Debug|Win32
		{116FA4DB-7E87-41D0-858F-45917E946269}.Release|x64.ActiveCfg = Release|x64
		{116FA4DB-7E87-41D0-858F-45917E946269}.Release|x64.Build.0 = Release|x64
		{116FA4DB-7E87-41D0-858F-45917E946269}.Release|x86.ActiveCfg = Release|Win32
		{116FA4DB-7E87-41D0-858F-45917E946269}.Release|x86.Build.0 = Release|Win32
		{EAE821D0-6904-4197-872D-DA7E6F320497}.Debug|x64.ActiveCfg = Debug|x64
		{EAE821D0-6904-4197-872D-DA7E6F320497}.Debug|x64.Build.0 = Debug|x64
		{EAE821D0-6904-4197-872D-DA7E6F320497}.Debug|x86.ActiveCfg = Debug|Win32
		{EAE821D0-6904-4197-872D-DA7E6F320497}.Debug|x86.Build.0 = Debug|Win32
		{EAE821D0-6904-4197-872D-DA7E6F320497}.Release|x64.ActiveCfg = Release|x64
		{EAE821D0-6904-4197-872D-DA7E6F320497}.Release|x64.Build.0 = Release|x64
		{EAE821D0-6904-4197-872D-DA7E6F320497}.Release|x86.ActiveCfg = Release|Win32
		{EAE821D0-6904-4197-872D-DA7E6F320497}.Release|x86.Build.0 = Release|Win32
	EndGlobalSection
	GlobalSection(SolutionProperties) = preSolution
		HideSolutionNode = FALSE
	EndGlobalSection
	GlobalSection(NestedProjects) = preSolution
		{EAE821D0-6904-4197-872D-DA7E6F320497} = {04E1D03F-D759-4F7C-9191-54BAD4881280}
	EndGlobalSection
	GlobalSection(ExtensibilityGlobals) = postSolution
		SolutionGuid = {6F5387DA-C42A-4EEA-9A0F-F2882ED1F969}
	EndGlobalSection
EndGlobal
