
Microsoft Visual Studio Solution File, Format Version 12.00
# Visual Studio Version 16
VisualStudioVersion = 16.0.30611.23
MinimumVisualStudioVersion = 10.0.40219.1
Project("{8BC9CEB8-8B4A-11D0-8D11-00A0C91BC942}") = "GBHRC", "GBHRC\GBHRC.vcxproj", "{95B8B76B-21C8-49DF-A94A-957C10245EEE}"
EndProject
Project("{8BC9CEB8-8B4A-11D0-8D11-00A0C91BC942}") = "GBHRC_API", "GBHRC_API\GBHRC_API.vcxproj", "{116FA4DB-7E87-41D0-858F-45917E946269}"
EndProject
Project("{2150E333-8FDC-42A3-9474-1A3956D46DE8}") = "libs", "libs", "{04E1D03F-D759-4F7C-9191-54BAD4881280}"
EndProject
Project("{8BC9CEB8-8B4A-11D0-8D11-00A0C91BC942}") = "GBHApplication", "GBHApplication\GBHApplication.vcxproj", "{EAE821D0-6904-4197-872D-DA7E6F320497}"
EndProject
Project("{FAE04EC0-301F-11D3-BF4B-00C04F79EFBC}") = "GBHRCApp", "GBHRCApp\GBHRCApp.csproj", "{10EF51ED-9EF0-48C3-987C-175C50D690A2}"
EndProject
Project("{8BC9CEB8-8B4A-11D0-8D11-00A0C91BC942}") = "DirectXTK_Desktop_2019_Win10", "D:\DirectxTK\DirectXTK_Desktop_2019_Win10.vcxproj", "{E0B52AE7-E160-4D32-BF3F-910B785E5A8E}"
EndProject
Global
	GlobalSection(SolutionConfigurationPlatforms) = preSolution
		Debug|Any CPU = Debug|Any CPU
		Debug|ARM64 = Debug|ARM64
		Debug|x64 = Debug|x64
		Debug|x86 = Debug|x86
		Release|Any CPU = Release|Any CPU
		Release|ARM64 = Release|ARM64
		Release|x64 = Release|x64
		Release|x86 = Release|x86
	EndGlobalSection
	GlobalSection(ProjectConfigurationPlatforms) = postSolution
		{95B8B76B-21C8-49DF-A94A-957C10245EEE}.Debug|Any CPU.ActiveCfg = Debug|Win32
		{95B8B76B-21C8-49DF-A94A-957C10245EEE}.Debug|ARM64.ActiveCfg = Debug|Win32
		{95B8B76B-21C8-49DF-A94A-957C10245EEE}.Debug|x64.ActiveCfg = Debug|x64
		{95B8B76B-21C8-49DF-A94A-957C10245EEE}.Debug|x64.Build.0 = Debug|x64
		{95B8B76B-21C8-49DF-A94A-957C10245EEE}.Debug|x86.ActiveCfg = Debug|Win32
		{95B8B76B-21C8-49DF-A94A-957C10245EEE}.Debug|x86.Build.0 = Debug|Win32
		{95B8B76B-21C8-49DF-A94A-957C10245EEE}.Release|Any CPU.ActiveCfg = Release|Win32
		{95B8B76B-21C8-49DF-A94A-957C10245EEE}.Release|ARM64.ActiveCfg = Release|Win32
		{95B8B76B-21C8-49DF-A94A-957C10245EEE}.Release|x64.ActiveCfg = Release|x64
		{95B8B76B-21C8-49DF-A94A-957C10245EEE}.Release|x64.Build.0 = Release|x64
		{95B8B76B-21C8-49DF-A94A-957C10245EEE}.Release|x86.ActiveCfg = Release|Win32
		{95B8B76B-21C8-49DF-A94A-957C10245EEE}.Release|x86.Build.0 = Release|Win32
		{116FA4DB-7E87-41D0-858F-45917E946269}.Debug|Any CPU.ActiveCfg = Debug|Win32
		{116FA4DB-7E87-41D0-858F-45917E946269}.Debug|ARM64.ActiveCfg = Debug|Win32
		{116FA4DB-7E87-41D0-858F-45917E946269}.Debug|x64.ActiveCfg = Debug|x64
		{116FA4DB-7E87-41D0-858F-45917E946269}.Debug|x64.Build.0 = Debug|x64
		{116FA4DB-7E87-41D0-858F-45917E946269}.Debug|x86.ActiveCfg = Debug|Win32
		{116FA4DB-7E87-41D0-858F-45917E946269}.Debug|x86.Build.0 = Debug|Win32
		{116FA4DB-7E87-41D0-858F-45917E946269}.Release|Any CPU.ActiveCfg = Release|Win32
		{116FA4DB-7E87-41D0-858F-45917E946269}.Release|ARM64.ActiveCfg = Release|Win32
		{116FA4DB-7E87-41D0-858F-45917E946269}.Release|x64.ActiveCfg = Release|Win32
		{116FA4DB-7E87-41D0-858F-45917E946269}.Release|x64.Build.0 = Release|Win32
		{116FA4DB-7E87-41D0-858F-45917E946269}.Release|x86.ActiveCfg = Release|Win32
		{116FA4DB-7E87-41D0-858F-45917E946269}.Release|x86.Build.0 = Release|Win32
		{EAE821D0-6904-4197-872D-DA7E6F320497}.Debug|Any CPU.ActiveCfg = Debug|Win32
		{EAE821D0-6904-4197-872D-DA7E6F320497}.Debug|ARM64.ActiveCfg = Debug|Win32
		{EAE821D0-6904-4197-872D-DA7E6F320497}.Debug|x64.ActiveCfg = Debug|x64
		{EAE821D0-6904-4197-872D-DA7E6F320497}.Debug|x64.Build.0 = Debug|x64
		{EAE821D0-6904-4197-872D-DA7E6F320497}.Debug|x86.ActiveCfg = Debug|Win32
		{EAE821D0-6904-4197-872D-DA7E6F320497}.Debug|x86.Build.0 = Debug|Win32
		{EAE821D0-6904-4197-872D-DA7E6F320497}.Release|Any CPU.ActiveCfg = Release|Win32
		{EAE821D0-6904-4197-872D-DA7E6F320497}.Release|ARM64.ActiveCfg = Release|Win32
		{EAE821D0-6904-4197-872D-DA7E6F320497}.Release|x64.ActiveCfg = Release|x64
		{EAE821D0-6904-4197-872D-DA7E6F320497}.Release|x64.Build.0 = Release|x64
		{EAE821D0-6904-4197-872D-DA7E6F320497}.Release|x86.ActiveCfg = Release|Win32
		{EAE821D0-6904-4197-872D-DA7E6F320497}.Release|x86.Build.0 = Release|Win32
		{10EF51ED-9EF0-48C3-987C-175C50D690A2}.Debug|Any CPU.ActiveCfg = Debug|Any CPU
		{10EF51ED-9EF0-48C3-987C-175C50D690A2}.Debug|Any CPU.Build.0 = Debug|Any CPU
		{10EF51ED-9EF0-48C3-987C-175C50D690A2}.Debug|ARM64.ActiveCfg = Debug|Any CPU
		{10EF51ED-9EF0-48C3-987C-175C50D690A2}.Debug|ARM64.Build.0 = Debug|Any CPU
		{10EF51ED-9EF0-48C3-987C-175C50D690A2}.Debug|x64.ActiveCfg = Debug|Any CPU
		{10EF51ED-9EF0-48C3-987C-175C50D690A2}.Debug|x64.Build.0 = Debug|Any CPU
		{10EF51ED-9EF0-48C3-987C-175C50D690A2}.Debug|x86.ActiveCfg = Debug|Any CPU
		{10EF51ED-9EF0-48C3-987C-175C50D690A2}.Debug|x86.Build.0 = Debug|Any CPU
		{10EF51ED-9EF0-48C3-987C-175C50D690A2}.Release|Any CPU.ActiveCfg = Release|Any CPU
		{10EF51ED-9EF0-48C3-987C-175C50D690A2}.Release|Any CPU.Build.0 = Release|Any CPU
		{10EF51ED-9EF0-48C3-987C-175C50D690A2}.Release|ARM64.ActiveCfg = Release|Any CPU
		{10EF51ED-9EF0-48C3-987C-175C50D690A2}.Release|ARM64.Build.0 = Release|Any CPU
		{10EF51ED-9EF0-48C3-987C-175C50D690A2}.Release|x64.ActiveCfg = Release|Any CPU
		{10EF51ED-9EF0-48C3-987C-175C50D690A2}.Release|x64.Build.0 = Release|Any CPU
		{10EF51ED-9EF0-48C3-987C-175C50D690A2}.Release|x86.ActiveCfg = Release|Any CPU
		{10EF51ED-9EF0-48C3-987C-175C50D690A2}.Release|x86.Build.0 = Release|Any CPU
		{E0B52AE7-E160-4D32-BF3F-910B785E5A8E}.Debug|Any CPU.ActiveCfg = Debug|Win32
		{E0B52AE7-E160-4D32-BF3F-910B785E5A8E}.Debug|ARM64.ActiveCfg = Debug|ARM64
		{E0B52AE7-E160-4D32-BF3F-910B785E5A8E}.Debug|ARM64.Build.0 = Debug|ARM64
		{E0B52AE7-E160-4D32-BF3F-910B785E5A8E}.Debug|x64.ActiveCfg = Debug|x64
		{E0B52AE7-E160-4D32-BF3F-910B785E5A8E}.Debug|x64.Build.0 = Debug|x64
		{E0B52AE7-E160-4D32-BF3F-910B785E5A8E}.Debug|x86.ActiveCfg = Debug|Win32
		{E0B52AE7-E160-4D32-BF3F-910B785E5A8E}.Debug|x86.Build.0 = Debug|Win32
		{E0B52AE7-E160-4D32-BF3F-910B785E5A8E}.Release|Any CPU.ActiveCfg = Release|Win32
		{E0B52AE7-E160-4D32-BF3F-910B785E5A8E}.Release|ARM64.ActiveCfg = Release|ARM64
		{E0B52AE7-E160-4D32-BF3F-910B785E5A8E}.Release|ARM64.Build.0 = Release|ARM64
		{E0B52AE7-E160-4D32-BF3F-910B785E5A8E}.Release|x64.ActiveCfg = Release|x64
		{E0B52AE7-E160-4D32-BF3F-910B785E5A8E}.Release|x64.Build.0 = Release|x64
		{E0B52AE7-E160-4D32-BF3F-910B785E5A8E}.Release|x86.ActiveCfg = Release|Win32
		{E0B52AE7-E160-4D32-BF3F-910B785E5A8E}.Release|x86.Build.0 = Release|Win32
	EndGlobalSection
	GlobalSection(SolutionProperties) = preSolution
		HideSolutionNode = FALSE
	EndGlobalSection
	GlobalSection(NestedProjects) = preSolution
		{EAE821D0-6904-4197-872D-DA7E6F320497} = {04E1D03F-D759-4F7C-9191-54BAD4881280}
		{E0B52AE7-E160-4D32-BF3F-910B785E5A8E} = {04E1D03F-D759-4F7C-9191-54BAD4881280}
	EndGlobalSection
	GlobalSection(ExtensibilityGlobals) = postSolution
		SolutionGuid = {6F5387DA-C42A-4EEA-9A0F-F2882ED1F969}
	EndGlobalSection
EndGlobal
