<?xml version="1.0" encoding="utf-8"?>
<Project ToolsVersion="4.0" xmlns="http://schemas.microsoft.com/developer/msbuild/2003">
  <ItemGroup>
    <Filter Include="Исходные файлы">
      <UniqueIdentifier>{4FC737F1-C7A5-4376-A066-2A32D752A2FF}</UniqueIdentifier>
      <Extensions>cpp;c;cc;cxx;c++;cppm;ixx;def;odl;idl;hpj;bat;asm;asmx</Extensions>
    </Filter>
    <Filter Include="Файлы заголовков">
      <UniqueIdentifier>{93995380-89BD-4b04-88EB-625FBE52EBFB}</UniqueIdentifier>
      <Extensions>h;hh;hpp;hxx;h++;hm;inl;inc;ipp;xsd</Extensions>
    </Filter>
    <Filter Include="Файлы ресурсов">
      <UniqueIdentifier>{67DA6AB6-F800-4c08-8B7A-83BB121AAD01}</UniqueIdentifier>
      <Extensions>rc;ico;cur;bmp;dlg;rc2;rct;bin;rgs;gif;jpg;jpeg;jpe;resx;tiff;tif;png;wav;mfcribbon-ms</Extensions>
    </Filter>
  </ItemGroup>
  <ItemGroup>
    <ClCompile Include="main.cpp">
      <Filter>Исходные файлы</Filter>
    </ClCompile>
    <ClCompile Include="CheatApi\Hooks\d3d11\d3d11hook.cpp">
      <Filter>Исходные файлы</Filter>
    </ClCompile>
    <ClCompile Include="Forms\Menu\MenuMain.cpp">
      <Filter>Исходные файлы</Filter>
    </ClCompile>
    <ClCompile Include="CheatApi\Hooks\wndproc\wndprochook.cpp">
      <Filter>Исходные файлы</Filter>
    </ClCompile>
    <ClCompile Include="CheatApi\BrokeProtocol\Mono\Mono.cpp">
      <Filter>Исходные файлы</Filter>
    </ClCompile>
    <ClCompile Include="CheatApi\BrokeProtocol\BrokeProtocol.cpp">
      <Filter>Исходные файлы</Filter>
    </ClCompile>
    <ClCompile Include="CheatApi\BrokeProtocol\classes\ICollection\ICollection.cpp">
      <Filter>Исходные файлы</Filter>
    </ClCompile>
    <ClCompile Include="CheatApi\BrokeProtocol\Mono\Images\Script\ScriptImage.cpp">
      <Filter>Исходные файлы</Filter>
    </ClCompile>
    <ClCompile Include="CheatApi\BrokeProtocol\classes\Managers\Managers.cpp">
      <Filter>Исходные файлы</Filter>
    </ClCompile>
    <ClCompile Include="CheatApi\BrokeProtocol\classes\Players\Players.cpp">
      <Filter>Исходные файлы</Filter>
    </ClCompile>
    <ClCompile Include="CheatApi\BrokeProtocol\classes\Collections\Dictionary.cpp">
      <Filter>Исходные файлы</Filter>
    </ClCompile>
    <ClCompile Include="CheatApi\BrokeProtocol\classes\Transform\Transform.cpp">
      <Filter>Исходные файлы</Filter>
    </ClCompile>
    <ClCompile Include="CheatApi\Tools\3dMatrix.cpp">
      <Filter>Исходные файлы</Filter>
    </ClCompile>
    <ClCompile Include="CheatApi\BrokeProtocol\classes\Transform\Camera.cpp">
      <Filter>Исходные файлы</Filter>
    </ClCompile>
    <ClCompile Include="CheatApi\BrokeProtocol\Mono\dumper\MonoDumper.cpp">
      <Filter>Исходные файлы</Filter>
    </ClCompile>
    <ClCompile Include="CheatApi\BrokeProtocol\UnityTypes.cpp">
      <Filter>Исходные файлы</Filter>
    </ClCompile>
    <ClCompile Include="CheatApi\BrokeProtocol\Mono\vTable\vTable.cpp">
      <Filter>Исходные файлы</Filter>
    </ClCompile>
    <ClCompile Include="CheatApi\GBHRC\gbhrc.cpp">
      <Filter>Исходные файлы</Filter>
    </ClCompile>
    <ClCompile Include="CheatApi\GBHRC\config\Config.cpp">
      <Filter>Исходные файлы</Filter>
    </ClCompile>
    <ClCompile Include="CheatApi\Hooks\Detour\Detour.cpp">
      <Filter>Исходные файлы</Filter>
    </ClCompile>
  </ItemGroup>
  <ItemGroup>
    <ClInclude Include="CheatApi\Hooks\d3d11\d3d11hook.h">
      <Filter>Файлы заголовков</Filter>
    </ClInclude>
    <ClInclude Include="CheatApi\Hooks\d3d11\D3D11_VMT.h">
      <Filter>Файлы заголовков</Filter>
    </ClInclude>
    <ClInclude Include="includes\d3d.h">
      <Filter>Файлы заголовков</Filter>
    </ClInclude>
    <ClInclude Include="includes\win.h">
      <Filter>Файлы заголовков</Filter>
    </ClInclude>
    <ClInclude Include="includes\logger.h">
      <Filter>Файлы заголовков</Filter>
    </ClInclude>
    <ClInclude Include="Forms\Menu\MenuMain.h">
      <Filter>Файлы заголовков</Filter>
    </ClInclude>
    <ClInclude Include="CheatApi\BrokeProtocol\BPStructs.h">
      <Filter>Файлы заголовков</Filter>
    </ClInclude>
    <ClInclude Include="CheatApi\Hooks\wndproc\wndprochook.h">
      <Filter>Файлы заголовков</Filter>
    </ClInclude>
    <ClInclude Include="CheatApi\BrokeProtocol\Mono\Mono.h">
      <Filter>Файлы заголовков</Filter>
    </ClInclude>
    <ClInclude Include="CheatApi\BrokeProtocol\BrokeProtocol.h">
      <Filter>Файлы заголовков</Filter>
    </ClInclude>
    <ClInclude Include="CheatApi\BrokeProtocol\Enum\PacketFlags.h">
      <Filter>Файлы заголовков</Filter>
    </ClInclude>
    <ClInclude Include="CheatApi\BrokeProtocol\Enum\SvPacket.h">
      <Filter>Файлы заголовков</Filter>
    </ClInclude>
    <ClInclude Include="CheatApi\BrokeProtocol\classes\ICollection\ICollection.h">
      <Filter>Файлы заголовков</Filter>
    </ClInclude>
    <ClInclude Include="CheatApi\BrokeProtocol\Mono\MonoDefs.h">
      <Filter>Файлы заголовков</Filter>
    </ClInclude>
    <ClInclude Include="CheatApi\BrokeProtocol\Mono\Images\Script\ScriptImage.h">
      <Filter>Файлы заголовков</Filter>
    </ClInclude>
    <ClInclude Include="CheatApi\BrokeProtocol\classes\Managers\Managers.h">
      <Filter>Файлы заголовков</Filter>
    </ClInclude>
    <ClInclude Include="CheatApi\BrokeProtocol\classes\Players\Players.h">
      <Filter>Файлы заголовков</Filter>
    </ClInclude>
    <ClInclude Include="CheatApi\BrokeProtocol\classes\Collections\List.h">
      <Filter>Файлы заголовков</Filter>
    </ClInclude>
    <ClInclude Include="CheatApi\BrokeProtocol\classes\Collections\Dictionary.h">
      <Filter>Файлы заголовков</Filter>
    </ClInclude>
    <ClInclude Include="CheatApi\BrokeProtocol\classes\Collections\KeyedCollection.h">
      <Filter>Файлы заголовков</Filter>
    </ClInclude>
    <ClInclude Include="CheatApi\BrokeProtocol\classes\Transform\Transform.h">
      <Filter>Файлы заголовков</Filter>
    </ClInclude>
    <ClInclude Include="CheatApi\Tools\3dMatrix.h">
      <Filter>Файлы заголовков</Filter>
    </ClInclude>
    <ClInclude Include="CheatApi\BrokeProtocol\classes\Transform\Camera.h">
      <Filter>Файлы заголовков</Filter>
    </ClInclude>
    <ClInclude Include="CheatApi\BrokeProtocol\UnityTypes.h">
      <Filter>Файлы заголовков</Filter>
    </ClInclude>
    <ClInclude Include="CheatApi\BrokeProtocol\Mono\dumper\MonoDumper.h">
      <Filter>Файлы заголовков</Filter>
    </ClInclude>
    <ClInclude Include="CheatApi\BrokeProtocol\Mono\vTable\vTable.h">
      <Filter>Файлы заголовков</Filter>
    </ClInclude>
    <ClInclude Include="CheatApi\BrokeProtocol\Enum\Tokens.h">
      <Filter>Файлы заголовков</Filter>
    </ClInclude>
    <ClInclude Include="CheatApi\BrokeProtocol\Mono\MonoTypes.h">
      <Filter>Файлы заголовков</Filter>
    </ClInclude>
    <ClInclude Include="CheatApi\GBHRC\gbhrc.h">
      <Filter>Файлы заголовков</Filter>
    </ClInclude>
    <ClInclude Include="CheatApi\GBHRC\config\Config.h">
      <Filter>Файлы заголовков</Filter>
    </ClInclude>
    <ClInclude Include="CheatApi\Hooks\Detour\Detour.h">
      <Filter>Файлы заголовков</Filter>
    </ClInclude>
  </ItemGroup>
</Project>